
Microsoft Visual Studio Solution File, Format Version 12.00
# Visual Studio 14
VisualStudioVersion = 14.0.23107.0
MinimumVisualStudioVersion = 10.0.40219.1
Project("{8BC9CEB8-8B4A-11D0-8D11-00A0C91BC942}") = "dcl", "dcl\dcl.vcxproj", "{6E812A67-0BBB-4F48-A8B8-F492C122F23E}"
EndProject
Project("{8BC9CEB8-8B4A-11D0-8D11-00A0C91BC942}") = "my_dcl", "my_dcl\my_dcl.vcxproj", "{F3FC29A5-4C27-48D6-86FB-BC815D97695A}"
EndProject
Global
	GlobalSection(SolutionConfigurationPlatforms) = preSolution
		Debug|x64 = Debug|x64
		Debug|x86 = Debug|x86
		Release|x64 = Release|x64
		Release|x86 = Release|x86
	EndGlobalSection
	GlobalSection(ProjectConfigurationPlatforms) = postSolution
		{6E812A67-0BBB-4F48-A8B8-F492C122F23E}.Debug|x64.ActiveCfg = Debug|x64
		{6E812A67-0BBB-4F48-A8B8-F492C122F23E}.Debug|x64.Build.0 = Debug|x64
		{6E812A67-0BBB-4F48-A8B8-F492C122F23E}.Debug|x86.ActiveCfg = Debug|Win32
		{6E812A67-0BBB-4F48-A8B8-F492C122F23E}.Debug|x86.Build.0 = Debug|Win32
		{6E812A67-0BBB-4F48-A8B8-F492C122F23E}.Release|x64.ActiveCfg = Release|x64
		{6E812A67-0BBB-4F48-A8B8-F492C122F23E}.Release|x64.Build.0 = Release|x64
		{6E812A67-0BBB-4F48-A8B8-F492C122F23E}.Release|x86.ActiveCfg = Release|Win32
		{6E812A67-0BBB-4F48-A8B8-F492C122F23E}.Release|x86.Build.0 = Release|Win32
		{F3FC29A5-4C27-48D6-86FB-BC815D97695A}.Debug|x64.ActiveCfg = Debug|x64
		{F3FC29A5-4C27-48D6-86FB-BC815D97695A}.Debug|x64.Build.0 = Debug|x64
		{F3FC29A5-4C27-48D6-86FB-BC815D97695A}.Debug|x86.ActiveCfg = Debug|Win32
		{F3FC29A5-4C27-48D6-86FB-BC815D97695A}.Debug|x86.Build.0 = Debug|Win32
		{F3FC29A5-4C27-48D6-86FB-BC815D97695A}.Release|x64.ActiveCfg = Release|x64
		{F3FC29A5-4C27-48D6-86FB-BC815D97695A}.Release|x64.Build.0 = Release|x64
		{F3FC29A5-4C27-48D6-86FB-BC815D97695A}.Release|x86.ActiveCfg = Release|Win32
		{F3FC29A5-4C27-48D6-86FB-BC815D97695A}.Release|x86.Build.0 = Release|Win32
	EndGlobalSection
	GlobalSection(SolutionProperties) = preSolution
		HideSolutionNode = FALSE
	EndGlobalSection
EndGlobal
