
Microsoft Visual Studio Solution File, Format Version 12.00
# Visual Studio 14
VisualStudioVersion = 14.0.25420.1
MinimumVisualStudioVersion = 10.0.40219.1
Project("{8BC9CEB8-8B4A-11D0-8D11-00A0C91BC942}") = "marco_test", "marco_test\marco_test.vcxproj", "{DE023600-8335-4994-B524-7A3A58684676}"
EndProject
Project("{8BC9CEB8-8B4A-11D0-8D11-00A0C91BC942}") = "static_assert_test", "static_assert_test\static_assert_test.vcxproj", "{DEACDAC6-38B4-421C-B3EA-F70995095D9B}"
EndProject
Project("{8BC9CEB8-8B4A-11D0-8D11-00A0C91BC942}") = "noexcept_test", "noexcept_test\noexcept_test.vcxproj", "{652684A8-5B0E-47F8-B426-73DE47843A98}"
EndProject
Project("{8BC9CEB8-8B4A-11D0-8D11-00A0C91BC942}") = "inclass_initialization_test", "inclass_initialization_test\inclass_initialization_test.vcxproj", "{F188640F-A605-4D60-8703-81977DFBD0A9}"
EndProject
Project("{8BC9CEB8-8B4A-11D0-8D11-00A0C91BC942}") = "sizeof_test", "sizeof_test\sizeof_test.vcxproj", "{6AB47A76-3235-4A75-AD47-32A6DC5BED4A}"
EndProject
Project("{8BC9CEB8-8B4A-11D0-8D11-00A0C91BC942}") = "friend_test", "friend_test\friend_test.vcxproj", "{BB68F3F2-1753-48D9-BEAC-B08B565F2890}"
EndProject
Project("{8BC9CEB8-8B4A-11D0-8D11-00A0C91BC942}") = "inherit_constructor", "inherit_constructor\inherit_constructor.vcxproj", "{3B395BAC-967B-4E65-86D0-20598327EB23}"
EndProject
Project("{8BC9CEB8-8B4A-11D0-8D11-00A0C91BC942}") = "delegating_constructor", "delegating_constructor\delegating_constructor.vcxproj", "{21DC3D79-D502-4A52-9940-C3B8763FC2D6}"
EndProject
Project("{8BC9CEB8-8B4A-11D0-8D11-00A0C91BC942}") = "rvalue_reference", "rvalue_reference\rvalue_reference.vcxproj", "{26272B04-F6AA-4EAE-BBBD-1C38DB29B55D}"
EndProject
Project("{8BC9CEB8-8B4A-11D0-8D11-00A0C91BC942}") = "pod_test", "pod_test\pod_test.vcxproj", "{82DA1FDD-ED6A-4DD9-A20B-C279942DC54F}"
EndProject
Project("{8BC9CEB8-8B4A-11D0-8D11-00A0C91BC942}") = "explicit_test", "explicit_test\explicit_test.vcxproj", "{468BC3F0-613F-415F-B1CA-67992B8302EF}"
EndProject
Project("{8BC9CEB8-8B4A-11D0-8D11-00A0C91BC942}") = "initlaizer_list", "initlaizer_list\initlaizer_list.vcxproj", "{307D5483-7FAD-48E4-BC85-8C3286A0C4B1}"
EndProject
Project("{8BC9CEB8-8B4A-11D0-8D11-00A0C91BC942}") = "unrestricted_union", "unrestricted_union\unrestricted_union.vcxproj", "{FD50D5EE-5BBF-4840-BA69-6C361D2E3904}"
EndProject
Project("{8BC9CEB8-8B4A-11D0-8D11-00A0C91BC942}") = "user_defined_literal", "user_defined_literal\user_defined_literal.vcxproj", "{EAA58B3B-466C-4BF5-ABF7-CE3F5AEF36B1}"
EndProject
Project("{8BC9CEB8-8B4A-11D0-8D11-00A0C91BC942}") = "inline_namespace", "inline_namespace\inline_namespace.vcxproj", "{551FA2AE-D520-4E42-8C47-A00B1F0DD99D}"
EndProject
Project("{8BC9CEB8-8B4A-11D0-8D11-00A0C91BC942}") = "using_alias", "using_alias\using_alias.vcxproj", "{2DD48F5B-0806-4BED-9FDB-FB1CECE95F1D}"
EndProject
Project("{8BC9CEB8-8B4A-11D0-8D11-00A0C91BC942}") = "SFINEA", "SFINEA\SFINEA.vcxproj", "{B01CEBA8-40D8-44C2-865A-35092B13C0E6}"
EndProject
Project("{8BC9CEB8-8B4A-11D0-8D11-00A0C91BC942}") = "auto_decltype", "auto_decltype\auto_decltype.vcxproj", "{3F9D2493-1466-440D-96CB-CE8C131B19CF}"
EndProject
Project("{8BC9CEB8-8B4A-11D0-8D11-00A0C91BC942}") = "range_for", "range_for\range_for.vcxproj", "{433F5D69-F8C0-4973-AAFD-9854967C4339}"
EndProject
Project("{8BC9CEB8-8B4A-11D0-8D11-00A0C91BC942}") = "strong_typed_enum", "strong_typed_enum\strong_typed_enum.vcxproj", "{F96DCC75-6401-433C-A892-8EE2111A0358}"
EndProject
Project("{8BC9CEB8-8B4A-11D0-8D11-00A0C91BC942}") = "intelligent_pointer_and_gc", "intelligent_pointer_and_gc\intelligent_pointer_and_gc.vcxproj", "{1214FC2A-7DCB-449F-B278-9D295617DB6A}"
EndProject
Project("{8BC9CEB8-8B4A-11D0-8D11-00A0C91BC942}") = "constexpr", "constexpr\constexpr.vcxproj", "{57C3F089-4AA6-4738-9867-E990306DFB39}"
EndProject
Project("{8BC9CEB8-8B4A-11D0-8D11-00A0C91BC942}") = "variadic_template", "variadic_template\variadic_template.vcxproj", "{69E19457-AC97-4F3D-B5A8-10053C52FC6E}"
EndProject
Project("{8BC9CEB8-8B4A-11D0-8D11-00A0C91BC942}") = "comm", "src_comm\comm.vcxproj", "{BC3CBBF3-F29A-468C-BB70-4F68BF0EF26E}"
EndProject
Project("{8BC9CEB8-8B4A-11D0-8D11-00A0C91BC942}") = "src_comm_unittest", "src_comm_unittest\src_comm_unittest.vcxproj", "{E2BAE13F-F707-45E0-A1B6-D699F12B379D}"
	ProjectSection(ProjectDependencies) = postProject
		{BC3CBBF3-F29A-468C-BB70-4F68BF0EF26E} = {BC3CBBF3-F29A-468C-BB70-4F68BF0EF26E}
	EndProjectSection
EndProject
Project("{8BC9CEB8-8B4A-11D0-8D11-00A0C91BC942}") = "quick_exit", "quick_exit\quick_exit.vcxproj", "{34A8DFE7-FA0F-4BE0-A03E-52C2D1C7A8AB}"
EndProject
Project("{8BC9CEB8-8B4A-11D0-8D11-00A0C91BC942}") = "atomic", "atomic\atomic.vcxproj", "{44962C05-F94E-4B51-AC08-CC37588504DA}"
EndProject
Project("{8BC9CEB8-8B4A-11D0-8D11-00A0C91BC942}") = "thread_local_storage", "thread_local_storage\thread_local_storage.vcxproj", "{4E62F6B1-9FAC-4F64-8A2C-2E8B59E1D512}"
EndProject
Project("{8BC9CEB8-8B4A-11D0-8D11-00A0C91BC942}") = "nullptr", "nullptr\nullptr.vcxproj", "{7B489AC8-47C3-48E8-A74F-EC7AB997C32A}"
EndProject
Project("{8BC9CEB8-8B4A-11D0-8D11-00A0C91BC942}") = "default_delete_control", "default_delete_control\default_delete_control.vcxproj", "{2474B2F9-3D4B-4E3C-AD9F-EDB37F4E6EC0}"
EndProject
Project("{8BC9CEB8-8B4A-11D0-8D11-00A0C91BC942}") = "align", "align\align.vcxproj", "{FCEF4E4F-0A2F-4F3A-B608-AB91FD963764}"
EndProject
Project("{8BC9CEB8-8B4A-11D0-8D11-00A0C91BC942}") = "attribute", "attribute\attribute.vcxproj", "{FBAADD29-F521-460D-9EE4-0BA67A74C27A}"
EndProject
Project("{8BC9CEB8-8B4A-11D0-8D11-00A0C91BC942}") = "unicode", "unicode\unicode.vcxproj", "{A9FFDA54-F913-4635-B5BD-55C097097063}"
EndProject
Project("{8BC9CEB8-8B4A-11D0-8D11-00A0C91BC942}") = "raw_string_literal", "raw_string_literal\raw_string_literal.vcxproj", "{D24165FE-F7DA-4135-A674-D16ED74FE41C}"
EndProject
Project("{8BC9CEB8-8B4A-11D0-8D11-00A0C91BC942}") = "lambda", "lambda\lambda.vcxproj", "{EEA87FD8-05C1-4CCF-AD81-220749959A69}"
EndProject
Global
	GlobalSection(SolutionConfigurationPlatforms) = preSolution
		Debug|x64 = Debug|x64
		Debug|x86 = Debug|x86
		Release|x64 = Release|x64
		Release|x86 = Release|x86
	EndGlobalSection
	GlobalSection(ProjectConfigurationPlatforms) = postSolution
		{DE023600-8335-4994-B524-7A3A58684676}.Debug|x64.ActiveCfg = Debug|x64
		{DE023600-8335-4994-B524-7A3A58684676}.Debug|x64.Build.0 = Debug|x64
		{DE023600-8335-4994-B524-7A3A58684676}.Debug|x86.ActiveCfg = Debug|Win32
		{DE023600-8335-4994-B524-7A3A58684676}.Debug|x86.Build.0 = Debug|Win32
		{DE023600-8335-4994-B524-7A3A58684676}.Release|x64.ActiveCfg = Release|x64
		{DE023600-8335-4994-B524-7A3A58684676}.Release|x64.Build.0 = Release|x64
		{DE023600-8335-4994-B524-7A3A58684676}.Release|x86.ActiveCfg = Release|Win32
		{DE023600-8335-4994-B524-7A3A58684676}.Release|x86.Build.0 = Release|Win32
		{DEACDAC6-38B4-421C-B3EA-F70995095D9B}.Debug|x64.ActiveCfg = Debug|x64
		{DEACDAC6-38B4-421C-B3EA-F70995095D9B}.Debug|x64.Build.0 = Debug|x64
		{DEACDAC6-38B4-421C-B3EA-F70995095D9B}.Debug|x86.ActiveCfg = Debug|Win32
		{DEACDAC6-38B4-421C-B3EA-F70995095D9B}.Debug|x86.Build.0 = Debug|Win32
		{DEACDAC6-38B4-421C-B3EA-F70995095D9B}.Release|x64.ActiveCfg = Release|x64
		{DEACDAC6-38B4-421C-B3EA-F70995095D9B}.Release|x64.Build.0 = Release|x64
		{DEACDAC6-38B4-421C-B3EA-F70995095D9B}.Release|x86.ActiveCfg = Release|Win32
		{DEACDAC6-38B4-421C-B3EA-F70995095D9B}.Release|x86.Build.0 = Release|Win32
		{652684A8-5B0E-47F8-B426-73DE47843A98}.Debug|x64.ActiveCfg = Debug|x64
		{652684A8-5B0E-47F8-B426-73DE47843A98}.Debug|x64.Build.0 = Debug|x64
		{652684A8-5B0E-47F8-B426-73DE47843A98}.Debug|x86.ActiveCfg = Debug|Win32
		{652684A8-5B0E-47F8-B426-73DE47843A98}.Debug|x86.Build.0 = Debug|Win32
		{652684A8-5B0E-47F8-B426-73DE47843A98}.Release|x64.ActiveCfg = Release|x64
		{652684A8-5B0E-47F8-B426-73DE47843A98}.Release|x64.Build.0 = Release|x64
		{652684A8-5B0E-47F8-B426-73DE47843A98}.Release|x86.ActiveCfg = Release|Win32
		{652684A8-5B0E-47F8-B426-73DE47843A98}.Release|x86.Build.0 = Release|Win32
		{F188640F-A605-4D60-8703-81977DFBD0A9}.Debug|x64.ActiveCfg = Debug|x64
		{F188640F-A605-4D60-8703-81977DFBD0A9}.Debug|x64.Build.0 = Debug|x64
		{F188640F-A605-4D60-8703-81977DFBD0A9}.Debug|x86.ActiveCfg = Debug|Win32
		{F188640F-A605-4D60-8703-81977DFBD0A9}.Debug|x86.Build.0 = Debug|Win32
		{F188640F-A605-4D60-8703-81977DFBD0A9}.Release|x64.ActiveCfg = Release|x64
		{F188640F-A605-4D60-8703-81977DFBD0A9}.Release|x64.Build.0 = Release|x64
		{F188640F-A605-4D60-8703-81977DFBD0A9}.Release|x86.ActiveCfg = Release|Win32
		{F188640F-A605-4D60-8703-81977DFBD0A9}.Release|x86.Build.0 = Release|Win32
		{6AB47A76-3235-4A75-AD47-32A6DC5BED4A}.Debug|x64.ActiveCfg = Debug|x64
		{6AB47A76-3235-4A75-AD47-32A6DC5BED4A}.Debug|x64.Build.0 = Debug|x64
		{6AB47A76-3235-4A75-AD47-32A6DC5BED4A}.Debug|x86.ActiveCfg = Debug|Win32
		{6AB47A76-3235-4A75-AD47-32A6DC5BED4A}.Debug|x86.Build.0 = Debug|Win32
		{6AB47A76-3235-4A75-AD47-32A6DC5BED4A}.Release|x64.ActiveCfg = Release|x64
		{6AB47A76-3235-4A75-AD47-32A6DC5BED4A}.Release|x64.Build.0 = Release|x64
		{6AB47A76-3235-4A75-AD47-32A6DC5BED4A}.Release|x86.ActiveCfg = Release|Win32
		{6AB47A76-3235-4A75-AD47-32A6DC5BED4A}.Release|x86.Build.0 = Release|Win32
		{BB68F3F2-1753-48D9-BEAC-B08B565F2890}.Debug|x64.ActiveCfg = Debug|x64
		{BB68F3F2-1753-48D9-BEAC-B08B565F2890}.Debug|x64.Build.0 = Debug|x64
		{BB68F3F2-1753-48D9-BEAC-B08B565F2890}.Debug|x86.ActiveCfg = Debug|Win32
		{BB68F3F2-1753-48D9-BEAC-B08B565F2890}.Debug|x86.Build.0 = Debug|Win32
		{BB68F3F2-1753-48D9-BEAC-B08B565F2890}.Release|x64.ActiveCfg = Release|x64
		{BB68F3F2-1753-48D9-BEAC-B08B565F2890}.Release|x64.Build.0 = Release|x64
		{BB68F3F2-1753-48D9-BEAC-B08B565F2890}.Release|x86.ActiveCfg = Release|Win32
		{BB68F3F2-1753-48D9-BEAC-B08B565F2890}.Release|x86.Build.0 = Release|Win32
		{3B395BAC-967B-4E65-86D0-20598327EB23}.Debug|x64.ActiveCfg = Debug|x64
		{3B395BAC-967B-4E65-86D0-20598327EB23}.Debug|x64.Build.0 = Debug|x64
		{3B395BAC-967B-4E65-86D0-20598327EB23}.Debug|x86.ActiveCfg = Debug|Win32
		{3B395BAC-967B-4E65-86D0-20598327EB23}.Debug|x86.Build.0 = Debug|Win32
		{3B395BAC-967B-4E65-86D0-20598327EB23}.Release|x64.ActiveCfg = Release|x64
		{3B395BAC-967B-4E65-86D0-20598327EB23}.Release|x64.Build.0 = Release|x64
		{3B395BAC-967B-4E65-86D0-20598327EB23}.Release|x86.ActiveCfg = Release|Win32
		{3B395BAC-967B-4E65-86D0-20598327EB23}.Release|x86.Build.0 = Release|Win32
		{21DC3D79-D502-4A52-9940-C3B8763FC2D6}.Debug|x64.ActiveCfg = Debug|x64
		{21DC3D79-D502-4A52-9940-C3B8763FC2D6}.Debug|x64.Build.0 = Debug|x64
		{21DC3D79-D502-4A52-9940-C3B8763FC2D6}.Debug|x86.ActiveCfg = Debug|Win32
		{21DC3D79-D502-4A52-9940-C3B8763FC2D6}.Debug|x86.Build.0 = Debug|Win32
		{21DC3D79-D502-4A52-9940-C3B8763FC2D6}.Release|x64.ActiveCfg = Release|x64
		{21DC3D79-D502-4A52-9940-C3B8763FC2D6}.Release|x64.Build.0 = Release|x64
		{21DC3D79-D502-4A52-9940-C3B8763FC2D6}.Release|x86.ActiveCfg = Release|Win32
		{21DC3D79-D502-4A52-9940-C3B8763FC2D6}.Release|x86.Build.0 = Release|Win32
		{26272B04-F6AA-4EAE-BBBD-1C38DB29B55D}.Debug|x64.ActiveCfg = Debug|x64
		{26272B04-F6AA-4EAE-BBBD-1C38DB29B55D}.Debug|x64.Build.0 = Debug|x64
		{26272B04-F6AA-4EAE-BBBD-1C38DB29B55D}.Debug|x86.ActiveCfg = Debug|Win32
		{26272B04-F6AA-4EAE-BBBD-1C38DB29B55D}.Debug|x86.Build.0 = Debug|Win32
		{26272B04-F6AA-4EAE-BBBD-1C38DB29B55D}.Release|x64.ActiveCfg = Release|x64
		{26272B04-F6AA-4EAE-BBBD-1C38DB29B55D}.Release|x64.Build.0 = Release|x64
		{26272B04-F6AA-4EAE-BBBD-1C38DB29B55D}.Release|x86.ActiveCfg = Release|Win32
		{26272B04-F6AA-4EAE-BBBD-1C38DB29B55D}.Release|x86.Build.0 = Release|Win32
		{82DA1FDD-ED6A-4DD9-A20B-C279942DC54F}.Debug|x64.ActiveCfg = Debug|x64
		{82DA1FDD-ED6A-4DD9-A20B-C279942DC54F}.Debug|x64.Build.0 = Debug|x64
		{82DA1FDD-ED6A-4DD9-A20B-C279942DC54F}.Debug|x86.ActiveCfg = Debug|Win32
		{82DA1FDD-ED6A-4DD9-A20B-C279942DC54F}.Debug|x86.Build.0 = Debug|Win32
		{82DA1FDD-ED6A-4DD9-A20B-C279942DC54F}.Release|x64.ActiveCfg = Release|x64
		{82DA1FDD-ED6A-4DD9-A20B-C279942DC54F}.Release|x64.Build.0 = Release|x64
		{82DA1FDD-ED6A-4DD9-A20B-C279942DC54F}.Release|x86.ActiveCfg = Release|Win32
		{82DA1FDD-ED6A-4DD9-A20B-C279942DC54F}.Release|x86.Build.0 = Release|Win32
		{468BC3F0-613F-415F-B1CA-67992B8302EF}.Debug|x64.ActiveCfg = Debug|x64
		{468BC3F0-613F-415F-B1CA-67992B8302EF}.Debug|x64.Build.0 = Debug|x64
		{468BC3F0-613F-415F-B1CA-67992B8302EF}.Debug|x86.ActiveCfg = Debug|Win32
		{468BC3F0-613F-415F-B1CA-67992B8302EF}.Debug|x86.Build.0 = Debug|Win32
		{468BC3F0-613F-415F-B1CA-67992B8302EF}.Release|x64.ActiveCfg = Release|x64
		{468BC3F0-613F-415F-B1CA-67992B8302EF}.Release|x64.Build.0 = Release|x64
		{468BC3F0-613F-415F-B1CA-67992B8302EF}.Release|x86.ActiveCfg = Release|Win32
		{468BC3F0-613F-415F-B1CA-67992B8302EF}.Release|x86.Build.0 = Release|Win32
		{307D5483-7FAD-48E4-BC85-8C3286A0C4B1}.Debug|x64.ActiveCfg = Debug|x64
		{307D5483-7FAD-48E4-BC85-8C3286A0C4B1}.Debug|x64.Build.0 = Debug|x64
		{307D5483-7FAD-48E4-BC85-8C3286A0C4B1}.Debug|x86.ActiveCfg = Debug|Win32
		{307D5483-7FAD-48E4-BC85-8C3286A0C4B1}.Debug|x86.Build.0 = Debug|Win32
		{307D5483-7FAD-48E4-BC85-8C3286A0C4B1}.Release|x64.ActiveCfg = Release|x64
		{307D5483-7FAD-48E4-BC85-8C3286A0C4B1}.Release|x64.Build.0 = Release|x64
		{307D5483-7FAD-48E4-BC85-8C3286A0C4B1}.Release|x86.ActiveCfg = Release|Win32
		{307D5483-7FAD-48E4-BC85-8C3286A0C4B1}.Release|x86.Build.0 = Release|Win32
		{FD50D5EE-5BBF-4840-BA69-6C361D2E3904}.Debug|x64.ActiveCfg = Debug|x64
		{FD50D5EE-5BBF-4840-BA69-6C361D2E3904}.Debug|x64.Build.0 = Debug|x64
		{FD50D5EE-5BBF-4840-BA69-6C361D2E3904}.Debug|x86.ActiveCfg = Debug|Win32
		{FD50D5EE-5BBF-4840-BA69-6C361D2E3904}.Debug|x86.Build.0 = Debug|Win32
		{FD50D5EE-5BBF-4840-BA69-6C361D2E3904}.Release|x64.ActiveCfg = Release|x64
		{FD50D5EE-5BBF-4840-BA69-6C361D2E3904}.Release|x64.Build.0 = Release|x64
		{FD50D5EE-5BBF-4840-BA69-6C361D2E3904}.Release|x86.ActiveCfg = Release|Win32
		{FD50D5EE-5BBF-4840-BA69-6C361D2E3904}.Release|x86.Build.0 = Release|Win32
		{EAA58B3B-466C-4BF5-ABF7-CE3F5AEF36B1}.Debug|x64.ActiveCfg = Debug|x64
		{EAA58B3B-466C-4BF5-ABF7-CE3F5AEF36B1}.Debug|x64.Build.0 = Debug|x64
		{EAA58B3B-466C-4BF5-ABF7-CE3F5AEF36B1}.Debug|x86.ActiveCfg = Debug|Win32
		{EAA58B3B-466C-4BF5-ABF7-CE3F5AEF36B1}.Debug|x86.Build.0 = Debug|Win32
		{EAA58B3B-466C-4BF5-ABF7-CE3F5AEF36B1}.Release|x64.ActiveCfg = Release|x64
		{EAA58B3B-466C-4BF5-ABF7-CE3F5AEF36B1}.Release|x64.Build.0 = Release|x64
		{EAA58B3B-466C-4BF5-ABF7-CE3F5AEF36B1}.Release|x86.ActiveCfg = Release|Win32
		{EAA58B3B-466C-4BF5-ABF7-CE3F5AEF36B1}.Release|x86.Build.0 = Release|Win32
		{551FA2AE-D520-4E42-8C47-A00B1F0DD99D}.Debug|x64.ActiveCfg = Debug|x64
		{551FA2AE-D520-4E42-8C47-A00B1F0DD99D}.Debug|x64.Build.0 = Debug|x64
		{551FA2AE-D520-4E42-8C47-A00B1F0DD99D}.Debug|x86.ActiveCfg = Debug|Win32
		{551FA2AE-D520-4E42-8C47-A00B1F0DD99D}.Debug|x86.Build.0 = Debug|Win32
		{551FA2AE-D520-4E42-8C47-A00B1F0DD99D}.Release|x64.ActiveCfg = Release|x64
		{551FA2AE-D520-4E42-8C47-A00B1F0DD99D}.Release|x64.Build.0 = Release|x64
		{551FA2AE-D520-4E42-8C47-A00B1F0DD99D}.Release|x86.ActiveCfg = Release|Win32
		{551FA2AE-D520-4E42-8C47-A00B1F0DD99D}.Release|x86.Build.0 = Release|Win32
		{2DD48F5B-0806-4BED-9FDB-FB1CECE95F1D}.Debug|x64.ActiveCfg = Debug|x64
		{2DD48F5B-0806-4BED-9FDB-FB1CECE95F1D}.Debug|x64.Build.0 = Debug|x64
		{2DD48F5B-0806-4BED-9FDB-FB1CECE95F1D}.Debug|x86.ActiveCfg = Debug|Win32
		{2DD48F5B-0806-4BED-9FDB-FB1CECE95F1D}.Debug|x86.Build.0 = Debug|Win32
		{2DD48F5B-0806-4BED-9FDB-FB1CECE95F1D}.Release|x64.ActiveCfg = Release|x64
		{2DD48F5B-0806-4BED-9FDB-FB1CECE95F1D}.Release|x64.Build.0 = Release|x64
		{2DD48F5B-0806-4BED-9FDB-FB1CECE95F1D}.Release|x86.ActiveCfg = Release|Win32
		{2DD48F5B-0806-4BED-9FDB-FB1CECE95F1D}.Release|x86.Build.0 = Release|Win32
		{B01CEBA8-40D8-44C2-865A-35092B13C0E6}.Debug|x64.ActiveCfg = Debug|x64
		{B01CEBA8-40D8-44C2-865A-35092B13C0E6}.Debug|x64.Build.0 = Debug|x64
		{B01CEBA8-40D8-44C2-865A-35092B13C0E6}.Debug|x86.ActiveCfg = Debug|Win32
		{B01CEBA8-40D8-44C2-865A-35092B13C0E6}.Debug|x86.Build.0 = Debug|Win32
		{B01CEBA8-40D8-44C2-865A-35092B13C0E6}.Release|x64.ActiveCfg = Release|x64
		{B01CEBA8-40D8-44C2-865A-35092B13C0E6}.Release|x64.Build.0 = Release|x64
		{B01CEBA8-40D8-44C2-865A-35092B13C0E6}.Release|x86.ActiveCfg = Release|Win32
		{B01CEBA8-40D8-44C2-865A-35092B13C0E6}.Release|x86.Build.0 = Release|Win32
		{3F9D2493-1466-440D-96CB-CE8C131B19CF}.Debug|x64.ActiveCfg = Debug|x64
		{3F9D2493-1466-440D-96CB-CE8C131B19CF}.Debug|x64.Build.0 = Debug|x64
		{3F9D2493-1466-440D-96CB-CE8C131B19CF}.Debug|x86.ActiveCfg = Debug|Win32
		{3F9D2493-1466-440D-96CB-CE8C131B19CF}.Debug|x86.Build.0 = Debug|Win32
		{3F9D2493-1466-440D-96CB-CE8C131B19CF}.Release|x64.ActiveCfg = Release|x64
		{3F9D2493-1466-440D-96CB-CE8C131B19CF}.Release|x64.Build.0 = Release|x64
		{3F9D2493-1466-440D-96CB-CE8C131B19CF}.Release|x86.ActiveCfg = Release|Win32
		{3F9D2493-1466-440D-96CB-CE8C131B19CF}.Release|x86.Build.0 = Release|Win32
		{433F5D69-F8C0-4973-AAFD-9854967C4339}.Debug|x64.ActiveCfg = Debug|x64
		{433F5D69-F8C0-4973-AAFD-9854967C4339}.Debug|x64.Build.0 = Debug|x64
		{433F5D69-F8C0-4973-AAFD-9854967C4339}.Debug|x86.ActiveCfg = Debug|Win32
		{433F5D69-F8C0-4973-AAFD-9854967C4339}.Debug|x86.Build.0 = Debug|Win32
		{433F5D69-F8C0-4973-AAFD-9854967C4339}.Release|x64.ActiveCfg = Release|x64
		{433F5D69-F8C0-4973-AAFD-9854967C4339}.Release|x64.Build.0 = Release|x64
		{433F5D69-F8C0-4973-AAFD-9854967C4339}.Release|x86.ActiveCfg = Release|Win32
		{433F5D69-F8C0-4973-AAFD-9854967C4339}.Release|x86.Build.0 = Release|Win32
		{F96DCC75-6401-433C-A892-8EE2111A0358}.Debug|x64.ActiveCfg = Debug|x64
		{F96DCC75-6401-433C-A892-8EE2111A0358}.Debug|x64.Build.0 = Debug|x64
		{F96DCC75-6401-433C-A892-8EE2111A0358}.Debug|x86.ActiveCfg = Debug|Win32
		{F96DCC75-6401-433C-A892-8EE2111A0358}.Debug|x86.Build.0 = Debug|Win32
		{F96DCC75-6401-433C-A892-8EE2111A0358}.Release|x64.ActiveCfg = Release|x64
		{F96DCC75-6401-433C-A892-8EE2111A0358}.Release|x64.Build.0 = Release|x64
		{F96DCC75-6401-433C-A892-8EE2111A0358}.Release|x86.ActiveCfg = Release|Win32
		{F96DCC75-6401-433C-A892-8EE2111A0358}.Release|x86.Build.0 = Release|Win32
		{1214FC2A-7DCB-449F-B278-9D295617DB6A}.Debug|x64.ActiveCfg = Debug|x64
		{1214FC2A-7DCB-449F-B278-9D295617DB6A}.Debug|x64.Build.0 = Debug|x64
		{1214FC2A-7DCB-449F-B278-9D295617DB6A}.Debug|x86.ActiveCfg = Debug|Win32
		{1214FC2A-7DCB-449F-B278-9D295617DB6A}.Debug|x86.Build.0 = Debug|Win32
		{1214FC2A-7DCB-449F-B278-9D295617DB6A}.Release|x64.ActiveCfg = Release|x64
		{1214FC2A-7DCB-449F-B278-9D295617DB6A}.Release|x64.Build.0 = Release|x64
		{1214FC2A-7DCB-449F-B278-9D295617DB6A}.Release|x86.ActiveCfg = Release|Win32
		{1214FC2A-7DCB-449F-B278-9D295617DB6A}.Release|x86.Build.0 = Release|Win32
		{57C3F089-4AA6-4738-9867-E990306DFB39}.Debug|x64.ActiveCfg = Debug|x64
		{57C3F089-4AA6-4738-9867-E990306DFB39}.Debug|x64.Build.0 = Debug|x64
		{57C3F089-4AA6-4738-9867-E990306DFB39}.Debug|x86.ActiveCfg = Debug|Win32
		{57C3F089-4AA6-4738-9867-E990306DFB39}.Debug|x86.Build.0 = Debug|Win32
		{57C3F089-4AA6-4738-9867-E990306DFB39}.Release|x64.ActiveCfg = Release|x64
		{57C3F089-4AA6-4738-9867-E990306DFB39}.Release|x64.Build.0 = Release|x64
		{57C3F089-4AA6-4738-9867-E990306DFB39}.Release|x86.ActiveCfg = Release|Win32
		{57C3F089-4AA6-4738-9867-E990306DFB39}.Release|x86.Build.0 = Release|Win32
		{69E19457-AC97-4F3D-B5A8-10053C52FC6E}.Debug|x64.ActiveCfg = Debug|x64
		{69E19457-AC97-4F3D-B5A8-10053C52FC6E}.Debug|x64.Build.0 = Debug|x64
		{69E19457-AC97-4F3D-B5A8-10053C52FC6E}.Debug|x86.ActiveCfg = Debug|Win32
		{69E19457-AC97-4F3D-B5A8-10053C52FC6E}.Debug|x86.Build.0 = Debug|Win32
		{69E19457-AC97-4F3D-B5A8-10053C52FC6E}.Release|x64.ActiveCfg = Release|x64
		{69E19457-AC97-4F3D-B5A8-10053C52FC6E}.Release|x64.Build.0 = Release|x64
		{69E19457-AC97-4F3D-B5A8-10053C52FC6E}.Release|x86.ActiveCfg = Release|Win32
		{69E19457-AC97-4F3D-B5A8-10053C52FC6E}.Release|x86.Build.0 = Release|Win32
		{BC3CBBF3-F29A-468C-BB70-4F68BF0EF26E}.Debug|x64.ActiveCfg = Debug|x64
		{BC3CBBF3-F29A-468C-BB70-4F68BF0EF26E}.Debug|x64.Build.0 = Debug|x64
		{BC3CBBF3-F29A-468C-BB70-4F68BF0EF26E}.Debug|x86.ActiveCfg = Debug|Win32
		{BC3CBBF3-F29A-468C-BB70-4F68BF0EF26E}.Debug|x86.Build.0 = Debug|Win32
		{BC3CBBF3-F29A-468C-BB70-4F68BF0EF26E}.Release|x64.ActiveCfg = Release|x64
		{BC3CBBF3-F29A-468C-BB70-4F68BF0EF26E}.Release|x64.Build.0 = Release|x64
		{BC3CBBF3-F29A-468C-BB70-4F68BF0EF26E}.Release|x86.ActiveCfg = Release|Win32
		{BC3CBBF3-F29A-468C-BB70-4F68BF0EF26E}.Release|x86.Build.0 = Release|Win32
		{E2BAE13F-F707-45E0-A1B6-D699F12B379D}.Debug|x64.ActiveCfg = Debug|x64
		{E2BAE13F-F707-45E0-A1B6-D699F12B379D}.Debug|x64.Build.0 = Debug|x64
		{E2BAE13F-F707-45E0-A1B6-D699F12B379D}.Debug|x86.ActiveCfg = Debug|Win32
		{E2BAE13F-F707-45E0-A1B6-D699F12B379D}.Debug|x86.Build.0 = Debug|Win32
		{E2BAE13F-F707-45E0-A1B6-D699F12B379D}.Release|x64.ActiveCfg = Release|x64
		{E2BAE13F-F707-45E0-A1B6-D699F12B379D}.Release|x64.Build.0 = Release|x64
		{E2BAE13F-F707-45E0-A1B6-D699F12B379D}.Release|x86.ActiveCfg = Release|Win32
		{E2BAE13F-F707-45E0-A1B6-D699F12B379D}.Release|x86.Build.0 = Release|Win32
		{34A8DFE7-FA0F-4BE0-A03E-52C2D1C7A8AB}.Debug|x64.ActiveCfg = Debug|x64
		{34A8DFE7-FA0F-4BE0-A03E-52C2D1C7A8AB}.Debug|x64.Build.0 = Debug|x64
		{34A8DFE7-FA0F-4BE0-A03E-52C2D1C7A8AB}.Debug|x86.ActiveCfg = Debug|Win32
		{34A8DFE7-FA0F-4BE0-A03E-52C2D1C7A8AB}.Debug|x86.Build.0 = Debug|Win32
		{34A8DFE7-FA0F-4BE0-A03E-52C2D1C7A8AB}.Release|x64.ActiveCfg = Release|x64
		{34A8DFE7-FA0F-4BE0-A03E-52C2D1C7A8AB}.Release|x64.Build.0 = Release|x64
		{34A8DFE7-FA0F-4BE0-A03E-52C2D1C7A8AB}.Release|x86.ActiveCfg = Release|Win32
		{34A8DFE7-FA0F-4BE0-A03E-52C2D1C7A8AB}.Release|x86.Build.0 = Release|Win32
		{44962C05-F94E-4B51-AC08-CC37588504DA}.Debug|x64.ActiveCfg = Debug|x64
		{44962C05-F94E-4B51-AC08-CC37588504DA}.Debug|x64.Build.0 = Debug|x64
		{44962C05-F94E-4B51-AC08-CC37588504DA}.Debug|x86.ActiveCfg = Debug|Win32
		{44962C05-F94E-4B51-AC08-CC37588504DA}.Debug|x86.Build.0 = Debug|Win32
		{44962C05-F94E-4B51-AC08-CC37588504DA}.Release|x64.ActiveCfg = Release|x64
		{44962C05-F94E-4B51-AC08-CC37588504DA}.Release|x64.Build.0 = Release|x64
		{44962C05-F94E-4B51-AC08-CC37588504DA}.Release|x86.ActiveCfg = Release|Win32
		{44962C05-F94E-4B51-AC08-CC37588504DA}.Release|x86.Build.0 = Release|Win32
		{4E62F6B1-9FAC-4F64-8A2C-2E8B59E1D512}.Debug|x64.ActiveCfg = Debug|x64
		{4E62F6B1-9FAC-4F64-8A2C-2E8B59E1D512}.Debug|x64.Build.0 = Debug|x64
		{4E62F6B1-9FAC-4F64-8A2C-2E8B59E1D512}.Debug|x86.ActiveCfg = Debug|Win32
		{4E62F6B1-9FAC-4F64-8A2C-2E8B59E1D512}.Debug|x86.Build.0 = Debug|Win32
		{4E62F6B1-9FAC-4F64-8A2C-2E8B59E1D512}.Release|x64.ActiveCfg = Release|x64
		{4E62F6B1-9FAC-4F64-8A2C-2E8B59E1D512}.Release|x64.Build.0 = Release|x64
		{4E62F6B1-9FAC-4F64-8A2C-2E8B59E1D512}.Release|x86.ActiveCfg = Release|Win32
		{4E62F6B1-9FAC-4F64-8A2C-2E8B59E1D512}.Release|x86.Build.0 = Release|Win32
		{7B489AC8-47C3-48E8-A74F-EC7AB997C32A}.Debug|x64.ActiveCfg = Debug|x64
		{7B489AC8-47C3-48E8-A74F-EC7AB997C32A}.Debug|x64.Build.0 = Debug|x64
		{7B489AC8-47C3-48E8-A74F-EC7AB997C32A}.Debug|x86.ActiveCfg = Debug|Win32
		{7B489AC8-47C3-48E8-A74F-EC7AB997C32A}.Debug|x86.Build.0 = Debug|Win32
		{7B489AC8-47C3-48E8-A74F-EC7AB997C32A}.Release|x64.ActiveCfg = Release|x64
		{7B489AC8-47C3-48E8-A74F-EC7AB997C32A}.Release|x64.Build.0 = Release|x64
		{7B489AC8-47C3-48E8-A74F-EC7AB997C32A}.Release|x86.ActiveCfg = Release|Win32
		{7B489AC8-47C3-48E8-A74F-EC7AB997C32A}.Release|x86.Build.0 = Release|Win32
		{2474B2F9-3D4B-4E3C-AD9F-EDB37F4E6EC0}.Debug|x64.ActiveCfg = Debug|x64
		{2474B2F9-3D4B-4E3C-AD9F-EDB37F4E6EC0}.Debug|x64.Build.0 = Debug|x64
		{2474B2F9-3D4B-4E3C-AD9F-EDB37F4E6EC0}.Debug|x86.ActiveCfg = Debug|Win32
		{2474B2F9-3D4B-4E3C-AD9F-EDB37F4E6EC0}.Debug|x86.Build.0 = Debug|Win32
		{2474B2F9-3D4B-4E3C-AD9F-EDB37F4E6EC0}.Release|x64.ActiveCfg = Release|x64
		{2474B2F9-3D4B-4E3C-AD9F-EDB37F4E6EC0}.Release|x64.Build.0 = Release|x64
		{2474B2F9-3D4B-4E3C-AD9F-EDB37F4E6EC0}.Release|x86.ActiveCfg = Release|Win32
		{2474B2F9-3D4B-4E3C-AD9F-EDB37F4E6EC0}.Release|x86.Build.0 = Release|Win32
		{FCEF4E4F-0A2F-4F3A-B608-AB91FD963764}.Debug|x64.ActiveCfg = Debug|x64
		{FCEF4E4F-0A2F-4F3A-B608-AB91FD963764}.Debug|x64.Build.0 = Debug|x64
		{FCEF4E4F-0A2F-4F3A-B608-AB91FD963764}.Debug|x86.ActiveCfg = Debug|Win32
		{FCEF4E4F-0A2F-4F3A-B608-AB91FD963764}.Debug|x86.Build.0 = Debug|Win32
		{FCEF4E4F-0A2F-4F3A-B608-AB91FD963764}.Release|x64.ActiveCfg = Release|x64
		{FCEF4E4F-0A2F-4F3A-B608-AB91FD963764}.Release|x64.Build.0 = Release|x64
		{FCEF4E4F-0A2F-4F3A-B608-AB91FD963764}.Release|x86.ActiveCfg = Release|Win32
		{FCEF4E4F-0A2F-4F3A-B608-AB91FD963764}.Release|x86.Build.0 = Release|Win32
		{FBAADD29-F521-460D-9EE4-0BA67A74C27A}.Debug|x64.ActiveCfg = Debug|x64
		{FBAADD29-F521-460D-9EE4-0BA67A74C27A}.Debug|x64.Build.0 = Debug|x64
		{FBAADD29-F521-460D-9EE4-0BA67A74C27A}.Debug|x86.ActiveCfg = Debug|Win32
		{FBAADD29-F521-460D-9EE4-0BA67A74C27A}.Debug|x86.Build.0 = Debug|Win32
		{FBAADD29-F521-460D-9EE4-0BA67A74C27A}.Release|x64.ActiveCfg = Release|x64
		{FBAADD29-F521-460D-9EE4-0BA67A74C27A}.Release|x64.Build.0 = Release|x64
		{FBAADD29-F521-460D-9EE4-0BA67A74C27A}.Release|x86.ActiveCfg = Release|Win32
		{FBAADD29-F521-460D-9EE4-0BA67A74C27A}.Release|x86.Build.0 = Release|Win32
		{A9FFDA54-F913-4635-B5BD-55C097097063}.Debug|x64.ActiveCfg = Debug|x64
		{A9FFDA54-F913-4635-B5BD-55C097097063}.Debug|x64.Build.0 = Debug|x64
		{A9FFDA54-F913-4635-B5BD-55C097097063}.Debug|x86.ActiveCfg = Debug|Win32
		{A9FFDA54-F913-4635-B5BD-55C097097063}.Debug|x86.Build.0 = Debug|Win32
		{A9FFDA54-F913-4635-B5BD-55C097097063}.Release|x64.ActiveCfg = Release|x64
		{A9FFDA54-F913-4635-B5BD-55C097097063}.Release|x64.Build.0 = Release|x64
		{A9FFDA54-F913-4635-B5BD-55C097097063}.Release|x86.ActiveCfg = Release|Win32
		{A9FFDA54-F913-4635-B5BD-55C097097063}.Release|x86.Build.0 = Release|Win32
		{D24165FE-F7DA-4135-A674-D16ED74FE41C}.Debug|x64.ActiveCfg = Debug|x64
		{D24165FE-F7DA-4135-A674-D16ED74FE41C}.Debug|x64.Build.0 = Debug|x64
		{D24165FE-F7DA-4135-A674-D16ED74FE41C}.Debug|x86.ActiveCfg = Debug|Win32
		{D24165FE-F7DA-4135-A674-D16ED74FE41C}.Debug|x86.Build.0 = Debug|Win32
		{D24165FE-F7DA-4135-A674-D16ED74FE41C}.Release|x64.ActiveCfg = Release|x64
		{D24165FE-F7DA-4135-A674-D16ED74FE41C}.Release|x64.Build.0 = Release|x64
		{D24165FE-F7DA-4135-A674-D16ED74FE41C}.Release|x86.ActiveCfg = Release|Win32
		{D24165FE-F7DA-4135-A674-D16ED74FE41C}.Release|x86.Build.0 = Release|Win32
		{EEA87FD8-05C1-4CCF-AD81-220749959A69}.Debug|x64.ActiveCfg = Debug|x64
		{EEA87FD8-05C1-4CCF-AD81-220749959A69}.Debug|x64.Build.0 = Debug|x64
		{EEA87FD8-05C1-4CCF-AD81-220749959A69}.Debug|x86.ActiveCfg = Debug|Win32
		{EEA87FD8-05C1-4CCF-AD81-220749959A69}.Debug|x86.Build.0 = Debug|Win32
		{EEA87FD8-05C1-4CCF-AD81-220749959A69}.Release|x64.ActiveCfg = Release|x64
		{EEA87FD8-05C1-4CCF-AD81-220749959A69}.Release|x64.Build.0 = Release|x64
		{EEA87FD8-05C1-4CCF-AD81-220749959A69}.Release|x86.ActiveCfg = Release|Win32
		{EEA87FD8-05C1-4CCF-AD81-220749959A69}.Release|x86.Build.0 = Release|Win32
	EndGlobalSection
	GlobalSection(SolutionProperties) = preSolution
		HideSolutionNode = FALSE
	EndGlobalSection
EndGlobal
