
Microsoft Visual Studio Solution File, Format Version 12.00
# Visual Studio 14
VisualStudioVersion = 14.0.25420.1
MinimumVisualStudioVersion = 10.0.40219.1
Project("{8BC9CEB8-8B4A-11D0-8D11-00A0C91BC942}") = "marco_test", "marco_test\marco_test.vcxproj", "{DE023600-8335-4994-B524-7A3A58684676}"
EndProject
Project("{8BC9CEB8-8B4A-11D0-8D11-00A0C91BC942}") = "static_assert_test", "static_assert_test\static_assert_test.vcxproj", "{DEACDAC6-38B4-421C-B3EA-F70995095D9B}"
EndProject
Project("{8BC9CEB8-8B4A-11D0-8D11-00A0C91BC942}") = "noexcept_test", "noexcept_test\noexcept_test.vcxproj", "{652684A8-5B0E-47F8-B426-73DE47843A98}"
EndProject
Global
	GlobalSection(SolutionConfigurationPlatforms) = preSolution
		Debug|x64 = Debug|x64
		Debug|x86 = Debug|x86
		Release|x64 = Release|x64
		Release|x86 = Release|x86
	EndGlobalSection
	GlobalSection(ProjectConfigurationPlatforms) = postSolution
		{DE023600-8335-4994-B524-7A3A58684676}.Debug|x64.ActiveCfg = Debug|x64
		{DE023600-8335-4994-B524-7A3A58684676}.Debug|x64.Build.0 = Debug|x64
		{DE023600-8335-4994-B524-7A3A58684676}.Debug|x86.ActiveCfg = Debug|Win32
		{DE023600-8335-4994-B524-7A3A58684676}.Debug|x86.Build.0 = Debug|Win32
		{DE023600-8335-4994-B524-7A3A58684676}.Release|x64.ActiveCfg = Release|x64
		{DE023600-8335-4994-B524-7A3A58684676}.Release|x64.Build.0 = Release|x64
		{DE023600-8335-4994-B524-7A3A58684676}.Release|x86.ActiveCfg = Release|Win32
		{DE023600-8335-4994-B524-7A3A58684676}.Release|x86.Build.0 = Release|Win32
		{DEACDAC6-38B4-421C-B3EA-F70995095D9B}.Debug|x64.ActiveCfg = Debug|x64
		{DEACDAC6-38B4-421C-B3EA-F70995095D9B}.Debug|x64.Build.0 = Debug|x64
		{DEACDAC6-38B4-421C-B3EA-F70995095D9B}.Debug|x86.ActiveCfg = Debug|Win32
		{DEACDAC6-38B4-421C-B3EA-F70995095D9B}.Debug|x86.Build.0 = Debug|Win32
		{DEACDAC6-38B4-421C-B3EA-F70995095D9B}.Release|x64.ActiveCfg = Release|x64
		{DEACDAC6-38B4-421C-B3EA-F70995095D9B}.Release|x64.Build.0 = Release|x64
		{DEACDAC6-38B4-421C-B3EA-F70995095D9B}.Release|x86.ActiveCfg = Release|Win32
		{DEACDAC6-38B4-421C-B3EA-F70995095D9B}.Release|x86.Build.0 = Release|Win32
		{652684A8-5B0E-47F8-B426-73DE47843A98}.Debug|x64.ActiveCfg = Debug|x64
		{652684A8-5B0E-47F8-B426-73DE47843A98}.Debug|x64.Build.0 = Debug|x64
		{652684A8-5B0E-47F8-B426-73DE47843A98}.Debug|x86.ActiveCfg = Debug|Win32
		{652684A8-5B0E-47F8-B426-73DE47843A98}.Debug|x86.Build.0 = Debug|Win32
		{652684A8-5B0E-47F8-B426-73DE47843A98}.Release|x64.ActiveCfg = Release|x64
		{652684A8-5B0E-47F8-B426-73DE47843A98}.Release|x64.Build.0 = Release|x64
		{652684A8-5B0E-47F8-B426-73DE47843A98}.Release|x86.ActiveCfg = Release|Win32
		{652684A8-5B0E-47F8-B426-73DE47843A98}.Release|x86.Build.0 = Release|Win32
	EndGlobalSection
	GlobalSection(SolutionProperties) = preSolution
		HideSolutionNode = FALSE
	EndGlobalSection
EndGlobal
